
Microsoft Visual Studio Solution File, Format Version 12.00
# Visual Studio Version 16
VisualStudioVersion = 16.0.31321.278
MinimumVisualStudioVersion = 10.0.40219.1
Project("{FAE04EC0-301F-11D3-BF4B-00C04F79EFBC}") = "ApiDepartamentosCRUD2022", "ApiDepartamentosCRUD2022\ApiDepartamentosCRUD2022.csproj", "{A00C7748-0B3C-4582-8F0C-DA60D8F27A2E}"
EndProject
Global
	GlobalSection(SolutionConfigurationPlatforms) = preSolution
		Debug|Any CPU = Debug|Any CPU
		Release|Any CPU = Release|Any CPU
	EndGlobalSection
	GlobalSection(ProjectConfigurationPlatforms) = postSolution
		{A00C7748-0B3C-4582-8F0C-DA60D8F27A2E}.Debug|Any CPU.ActiveCfg = Debug|Any CPU
		{A00C7748-0B3C-4582-8F0C-DA60D8F27A2E}.Debug|Any CPU.Build.0 = Debug|Any CPU
		{A00C7748-0B3C-4582-8F0C-DA60D8F27A2E}.Release|Any CPU.ActiveCfg = Release|Any CPU
		{A00C7748-0B3C-4582-8F0C-DA60D8F27A2E}.Release|Any CPU.Build.0 = Release|Any CPU
	EndGlobalSection
	GlobalSection(SolutionProperties) = preSolution
		HideSolutionNode = FALSE
	EndGlobalSection
	GlobalSection(ExtensibilityGlobals) = postSolution
		SolutionGuid = {DF41628B-813C-474E-8B09-E85230DC6396}
	EndGlobalSection
EndGlobal
